{
  "originHash" : "7f45dbb0d6994027f7b0bbf0fbc4efa8e24757c603648dcbb2daedf841dd5c80",
  "pins" : [
    {
      "identity" : "swift-sdk",
      "kind" : "remoteSourceControl",
      "location" : "https://github.com/open-feature/swift-sdk.git",
      "state" : {
        "revision" : "d71686219a65ab78f77923ceb0e2ea549e1e50ef",
        "version" : "0.5.0"
      }
    }
  ],
  "version" : 3
}
